
Microsoft Visual Studio Solution File, Format Version 12.00
# Visual Studio Version 17
VisualStudioVersion = 17.14.36930.0 d17.14
MinimumVisualStudioVersion = 10.0.40219.1
Project("{FAE04EC0-301F-11D3-BF4B-00C04F79EFBC}") = "RegistroInterno_API", "RegistroInterno_API\RegistroInterno_API.csproj", "{2157F2F2-795D-4647-988E-E2C6278EBA50}"
EndProject
Global
	GlobalSection(SolutionConfigurationPlatforms) = preSolution
		Debug|Any CPU = Debug|Any CPU
		Release|Any CPU = Release|Any CPU
	EndGlobalSection
	GlobalSection(ProjectConfigurationPlatforms) = postSolution
		{2157F2F2-795D-4647-988E-E2C6278EBA50}.Debug|Any CPU.ActiveCfg = Debug|Any CPU
		{2157F2F2-795D-4647-988E-E2C6278EBA50}.Debug|Any CPU.Build.0 = Debug|Any CPU
		{2157F2F2-795D-4647-988E-E2C6278EBA50}.Release|Any CPU.ActiveCfg = Release|Any CPU
		{2157F2F2-795D-4647-988E-E2C6278EBA50}.Release|Any CPU.Build.0 = Release|Any CPU
	EndGlobalSection
	GlobalSection(SolutionProperties) = preSolution
		HideSolutionNode = FALSE
	EndGlobalSection
	GlobalSection(ExtensibilityGlobals) = postSolution
		SolutionGuid = {1573C54C-F792-4F47-BC8F-BF498C71A2A6}
	EndGlobalSection
EndGlobal
